
Microsoft Visual Studio Solution File, Format Version 12.00
# Visual Studio Version 16
VisualStudioVersion = 16.0.31424.327
MinimumVisualStudioVersion = 10.0.40219.1
Project("{FAE04EC0-301F-11D3-BF4B-00C04F79EFBC}") = "SikumkumApp.UWP", "SikumkumApp.UWP\SikumkumApp.UWP.csproj", "{6A2B54FA-F7F0-4858-A49D-95303D2CEEB9}"
EndProject
Project("{FAE04EC0-301F-11D3-BF4B-00C04F79EFBC}") = "SikumkumApp.Android", "SikumkumApp.Android\SikumkumApp.Android.csproj", "{ADA6B6A6-851C-43A8-B1E7-3BC0B334BD10}"
EndProject
Project("{FAE04EC0-301F-11D3-BF4B-00C04F79EFBC}") = "SikumkumApp.iOS", "SikumkumApp.iOS\SikumkumApp.iOS.csproj", "{3D8FA5D1-84F7-43B1-9545-8C97465C5C88}"
EndProject
Project("{FAE04EC0-301F-11D3-BF4B-00C04F79EFBC}") = "SikumkumApp", "SikumkumApp\SikumkumApp.csproj", "{5FE5C17B-8E07-4114-9957-46C51718AB9E}"
EndProject
Global
	GlobalSection(SolutionConfigurationPlatforms) = preSolution
		Debug|Any CPU = Debug|Any CPU
		Debug|ARM = Debug|ARM
		Debug|iPhone = Debug|iPhone
		Debug|iPhoneSimulator = Debug|iPhoneSimulator
		Debug|x64 = Debug|x64
		Debug|x86 = Debug|x86
		Release|Any CPU = Release|Any CPU
		Release|ARM = Release|ARM
		Release|iPhone = Release|iPhone
		Release|iPhoneSimulator = Release|iPhoneSimulator
		Release|x64 = Release|x64
		Release|x86 = Release|x86
	EndGlobalSection
	GlobalSection(ProjectConfigurationPlatforms) = postSolution
		{6A2B54FA-F7F0-4858-A49D-95303D2CEEB9}.Debug|Any CPU.ActiveCfg = Debug|x86
		{6A2B54FA-F7F0-4858-A49D-95303D2CEEB9}.Debug|Any CPU.Build.0 = Debug|x86
		{6A2B54FA-F7F0-4858-A49D-95303D2CEEB9}.Debug|Any CPU.Deploy.0 = Debug|x86
		{6A2B54FA-F7F0-4858-A49D-95303D2CEEB9}.Debug|ARM.ActiveCfg = Debug|ARM
		{6A2B54FA-F7F0-4858-A49D-95303D2CEEB9}.Debug|ARM.Build.0 = Debug|ARM
		{6A2B54FA-F7F0-4858-A49D-95303D2CEEB9}.Debug|ARM.Deploy.0 = Debug|ARM
		{6A2B54FA-F7F0-4858-A49D-95303D2CEEB9}.Debug|iPhone.ActiveCfg = Debug|x86
		{6A2B54FA-F7F0-4858-A49D-95303D2CEEB9}.Debug|iPhone.Build.0 = Debug|x86
		{6A2B54FA-F7F0-4858-A49D-95303D2CEEB9}.Debug|iPhone.Deploy.0 = Debug|x86
		{6A2B54FA-F7F0-4858-A49D-95303D2CEEB9}.Debug|iPhoneSimulator.ActiveCfg = Debug|x86
		{6A2B54FA-F7F0-4858-A49D-95303D2CEEB9}.Debug|iPhoneSimulator.Build.0 = Debug|x86
		{6A2B54FA-F7F0-4858-A49D-95303D2CEEB9}.Debug|iPhoneSimulator.Deploy.0 = Debug|x86
		{6A2B54FA-F7F0-4858-A49D-95303D2CEEB9}.Debug|x64.ActiveCfg = Debug|x64
		{6A2B54FA-F7F0-4858-A49D-95303D2CEEB9}.Debug|x64.Build.0 = Debug|x64
		{6A2B54FA-F7F0-4858-A49D-95303D2CEEB9}.Debug|x64.Deploy.0 = Debug|x64
		{6A2B54FA-F7F0-4858-A49D-95303D2CEEB9}.Debug|x86.ActiveCfg = Debug|x86
		{6A2B54FA-F7F0-4858-A49D-95303D2CEEB9}.Debug|x86.Build.0 = Debug|x86
		{6A2B54FA-F7F0-4858-A49D-95303D2CEEB9}.Debug|x86.Deploy.0 = Debug|x86
		{6A2B54FA-F7F0-4858-A49D-95303D2CEEB9}.Release|Any CPU.ActiveCfg = Release|x86
		{6A2B54FA-F7F0-4858-A49D-95303D2CEEB9}.Release|Any CPU.Build.0 = Release|x86
		{6A2B54FA-F7F0-4858-A49D-95303D2CEEB9}.Release|Any CPU.Deploy.0 = Release|x86
		{6A2B54FA-F7F0-4858-A49D-95303D2CEEB9}.Release|ARM.ActiveCfg = Release|ARM
		{6A2B54FA-F7F0-4858-A49D-95303D2CEEB9}.Release|ARM.Build.0 = Release|ARM
		{6A2B54FA-F7F0-4858-A49D-95303D2CEEB9}.Release|ARM.Deploy.0 = Release|ARM
		{6A2B54FA-F7F0-4858-A49D-95303D2CEEB9}.Release|iPhone.ActiveCfg = Release|x86
		{6A2B54FA-F7F0-4858-A49D-95303D2CEEB9}.Release|iPhone.Build.0 = Release|x86
		{6A2B54FA-F7F0-4858-A49D-95303D2CEEB9}.Release|iPhone.Deploy.0 = Release|x86
		{6A2B54FA-F7F0-4858-A49D-95303D2CEEB9}.Release|iPhoneSimulator.ActiveCfg = Release|x86
		{6A2B54FA-F7F0-4858-A49D-95303D2CEEB9}.Release|iPhoneSimulator.Build.0 = Release|x86
		{6A2B54FA-F7F0-4858-A49D-95303D2CEEB9}.Release|iPhoneSimulator.Deploy.0 = Release|x86
		{6A2B54FA-F7F0-4858-A49D-95303D2CEEB9}.Release|x64.ActiveCfg = Release|x64
		{6A2B54FA-F7F0-4858-A49D-95303D2CEEB9}.Release|x64.Build.0 = Release|x64
		{6A2B54FA-F7F0-4858-A49D-95303D2CEEB9}.Release|x64.Deploy.0 = Release|x64
		{6A2B54FA-F7F0-4858-A49D-95303D2CEEB9}.Release|x86.ActiveCfg = Release|x86
		{6A2B54FA-F7F0-4858-A49D-95303D2CEEB9}.Release|x86.Build.0 = Release|x86
		{6A2B54FA-F7F0-4858-A49D-95303D2CEEB9}.Release|x86.Deploy.0 = Release|x86
		{ADA6B6A6-851C-43A8-B1E7-3BC0B334BD10}.Debug|Any CPU.ActiveCfg = Debug|Any CPU
		{ADA6B6A6-851C-43A8-B1E7-3BC0B334BD10}.Debug|Any CPU.Build.0 = Debug|Any CPU
		{ADA6B6A6-851C-43A8-B1E7-3BC0B334BD10}.Debug|Any CPU.Deploy.0 = Debug|Any CPU
		{ADA6B6A6-851C-43A8-B1E7-3BC0B334BD10}.Debug|ARM.ActiveCfg = Debug|Any CPU
		{ADA6B6A6-851C-43A8-B1E7-3BC0B334BD10}.Debug|ARM.Build.0 = Debug|Any CPU
		{ADA6B6A6-851C-43A8-B1E7-3BC0B334BD10}.Debug|ARM.Deploy.0 = Debug|Any CPU
		{ADA6B6A6-851C-43A8-B1E7-3BC0B334BD10}.Debug|iPhone.ActiveCfg = Debug|Any CPU
		{ADA6B6A6-851C-43A8-B1E7-3BC0B334BD10}.Debug|iPhone.Build.0 = Debug|Any CPU
		{ADA6B6A6-851C-43A8-B1E7-3BC0B334BD10}.Debug|iPhone.Deploy.0 = Debug|Any CPU
		{ADA6B6A6-851C-43A8-B1E7-3BC0B334BD10}.Debug|iPhoneSimulator.ActiveCfg = Debug|Any CPU
		{ADA6B6A6-851C-43A8-B1E7-3BC0B334BD10}.Debug|iPhoneSimulator.Build.0 = Debug|Any CPU
		{ADA6B6A6-851C-43A8-B1E7-3BC0B334BD10}.Debug|iPhoneSimulator.Deploy.0 = Debug|Any CPU
		{ADA6B6A6-851C-43A8-B1E7-3BC0B334BD10}.Debug|x64.ActiveCfg = Debug|Any CPU
		{ADA6B6A6-851C-43A8-B1E7-3BC0B334BD10}.Debug|x64.Build.0 = Debug|Any CPU
		{ADA6B6A6-851C-43A8-B1E7-3BC0B334BD10}.Debug|x64.Deploy.0 = Debug|Any CPU
		{ADA6B6A6-851C-43A8-B1E7-3BC0B334BD10}.Debug|x86.ActiveCfg = Debug|Any CPU
		{ADA6B6A6-851C-43A8-B1E7-3BC0B334BD10}.Debug|x86.Build.0 = Debug|Any CPU
		{ADA6B6A6-851C-43A8-B1E7-3BC0B334BD10}.Debug|x86.Deploy.0 = Debug|Any CPU
		{ADA6B6A6-851C-43A8-B1E7-3BC0B334BD10}.Release|Any CPU.ActiveCfg = Release|Any CPU
		{ADA6B6A6-851C-43A8-B1E7-3BC0B334BD10}.Release|Any CPU.Build.0 = Release|Any CPU
		{ADA6B6A6-851C-43A8-B1E7-3BC0B334BD10}.Release|Any CPU.Deploy.0 = Release|Any CPU
		{ADA6B6A6-851C-43A8-B1E7-3BC0B334BD10}.Release|ARM.ActiveCfg = Release|Any CPU
		{ADA6B6A6-851C-43A8-B1E7-3BC0B334BD10}.Release|ARM.Build.0 = Release|Any CPU
		{ADA6B6A6-851C-43A8-B1E7-3BC0B334BD10}.Release|ARM.Deploy.0 = Release|Any CPU
		{ADA6B6A6-851C-43A8-B1E7-3BC0B334BD10}.Release|iPhone.ActiveCfg = Release|Any CPU
		{ADA6B6A6-851C-43A8-B1E7-3BC0B334BD10}.Release|iPhone.Build.0 = Release|Any CPU
		{ADA6B6A6-851C-43A8-B1E7-3BC0B334BD10}.Release|iPhone.Deploy.0 = Release|Any CPU
		{ADA6B6A6-851C-43A8-B1E7-3BC0B334BD10}.Release|iPhoneSimulator.ActiveCfg = Release|Any CPU
		{ADA6B6A6-851C-43A8-B1E7-3BC0B334BD10}.Release|iPhoneSimulator.Build.0 = Release|Any CPU
		{ADA6B6A6-851C-43A8-B1E7-3BC0B334BD10}.Release|iPhoneSimulator.Deploy.0 = Release|Any CPU
		{ADA6B6A6-851C-43A8-B1E7-3BC0B334BD10}.Release|x64.ActiveCfg = Release|Any CPU
		{ADA6B6A6-851C-43A8-B1E7-3BC0B334BD10}.Release|x64.Build.0 = Release|Any CPU
		{ADA6B6A6-851C-43A8-B1E7-3BC0B334BD10}.Release|x64.Deploy.0 = Release|Any CPU
		{ADA6B6A6-851C-43A8-B1E7-3BC0B334BD10}.Release|x86.ActiveCfg = Release|Any CPU
		{ADA6B6A6-851C-43A8-B1E7-3BC0B334BD10}.Release|x86.Build.0 = Release|Any CPU
		{ADA6B6A6-851C-43A8-B1E7-3BC0B334BD10}.Release|x86.Deploy.0 = Release|Any CPU
		{3D8FA5D1-84F7-43B1-9545-8C97465C5C88}.Debug|Any CPU.ActiveCfg = Debug|iPhoneSimulator
		{3D8FA5D1-84F7-43B1-9545-8C97465C5C88}.Debug|Any CPU.Build.0 = Debug|iPhoneSimulator
		{3D8FA5D1-84F7-43B1-9545-8C97465C5C88}.Debug|Any CPU.Deploy.0 = Debug|iPhoneSimulator
		{3D8FA5D1-84F7-43B1-9545-8C97465C5C88}.Debug|ARM.ActiveCfg = Debug|iPhone
		{3D8FA5D1-84F7-43B1-9545-8C97465C5C88}.Debug|ARM.Build.0 = Debug|iPhone
		{3D8FA5D1-84F7-43B1-9545-8C97465C5C88}.Debug|ARM.Deploy.0 = Debug|iPhone
		{3D8FA5D1-84F7-43B1-9545-8C97465C5C88}.Debug|iPhone.ActiveCfg = Debug|iPhone
		{3D8FA5D1-84F7-43B1-9545-8C97465C5C88}.Debug|iPhone.Build.0 = Debug|iPhone
		{3D8FA5D1-84F7-43B1-9545-8C97465C5C88}.Debug|iPhone.Deploy.0 = Debug|iPhone
		{3D8FA5D1-84F7-43B1-9545-8C97465C5C88}.Debug|iPhoneSimulator.ActiveCfg = Debug|iPhoneSimulator
		{3D8FA5D1-84F7-43B1-9545-8C97465C5C88}.Debug|iPhoneSimulator.Build.0 = Debug|iPhoneSimulator
		{3D8FA5D1-84F7-43B1-9545-8C97465C5C88}.Debug|iPhoneSimulator.Deploy.0 = Debug|iPhoneSimulator
		{3D8FA5D1-84F7-43B1-9545-8C97465C5C88}.Debug|x64.ActiveCfg = Debug|iPhoneSimulator
		{3D8FA5D1-84F7-43B1-9545-8C97465C5C88}.Debug|x64.Build.0 = Debug|iPhoneSimulator
		{3D8FA5D1-84F7-43B1-9545-8C97465C5C88}.Debug|x64.Deploy.0 = Debug|iPhoneSimulator
		{3D8FA5D1-84F7-43B1-9545-8C97465C5C88}.Debug|x86.ActiveCfg = Debug|iPhoneSimulator
		{3D8FA5D1-84F7-43B1-9545-8C97465C5C88}.Debug|x86.Build.0 = Debug|iPhoneSimulator
		{3D8FA5D1-84F7-43B1-9545-8C97465C5C88}.Debug|x86.Deploy.0 = Debug|iPhoneSimulator
		{3D8FA5D1-84F7-43B1-9545-8C97465C5C88}.Release|Any CPU.ActiveCfg = Release|iPhoneSimulator
		{3D8FA5D1-84F7-43B1-9545-8C97465C5C88}.Release|Any CPU.Build.0 = Release|iPhoneSimulator
		{3D8FA5D1-84F7-43B1-9545-8C97465C5C88}.Release|Any CPU.Deploy.0 = Release|iPhoneSimulator
		{3D8FA5D1-84F7-43B1-9545-8C97465C5C88}.Release|ARM.ActiveCfg = Release|iPhoneSimulator
		{3D8FA5D1-84F7-43B1-9545-8C97465C5C88}.Release|ARM.Build.0 = Release|iPhoneSimulator
		{3D8FA5D1-84F7-43B1-9545-8C97465C5C88}.Release|ARM.Deploy.0 = Release|iPhoneSimulator
		{3D8FA5D1-84F7-43B1-9545-8C97465C5C88}.Release|iPhone.ActiveCfg = Release|iPhone
		{3D8FA5D1-84F7-43B1-9545-8C97465C5C88}.Release|iPhone.Build.0 = Release|iPhone
		{3D8FA5D1-84F7-43B1-9545-8C97465C5C88}.Release|iPhone.Deploy.0 = Release|iPhone
		{3D8FA5D1-84F7-43B1-9545-8C97465C5C88}.Release|iPhoneSimulator.ActiveCfg = Release|iPhoneSimulator
		{3D8FA5D1-84F7-43B1-9545-8C97465C5C88}.Release|iPhoneSimulator.Build.0 = Release|iPhoneSimulator
		{3D8FA5D1-84F7-43B1-9545-8C97465C5C88}.Release|iPhoneSimulator.Deploy.0 = Release|iPhoneSimulator
		{3D8FA5D1-84F7-43B1-9545-8C97465C5C88}.Release|x64.ActiveCfg = Release|iPhoneSimulator
		{3D8FA5D1-84F7-43B1-9545-8C97465C5C88}.Release|x64.Build.0 = Release|iPhoneSimulator
		{3D8FA5D1-84F7-43B1-9545-8C97465C5C88}.Release|x64.Deploy.0 = Release|iPhoneSimulator
		{3D8FA5D1-84F7-43B1-9545-8C97465C5C88}.Release|x86.ActiveCfg = Release|iPhoneSimulator
		{3D8FA5D1-84F7-43B1-9545-8C97465C5C88}.Release|x86.Build.0 = Release|iPhoneSimulator
		{3D8FA5D1-84F7-43B1-9545-8C97465C5C88}.Release|x86.Deploy.0 = Release|iPhoneSimulator
		{5FE5C17B-8E07-4114-9957-46C51718AB9E}.Debug|Any CPU.ActiveCfg = Debug|Any CPU
		{5FE5C17B-8E07-4114-9957-46C51718AB9E}.Debug|Any CPU.Build.0 = Debug|Any CPU
		{5FE5C17B-8E07-4114-9957-46C51718AB9E}.Debug|Any CPU.Deploy.0 = Debug|Any CPU
		{5FE5C17B-8E07-4114-9957-46C51718AB9E}.Debug|ARM.ActiveCfg = Debug|Any CPU
		{5FE5C17B-8E07-4114-9957-46C51718AB9E}.Debug|ARM.Build.0 = Debug|Any CPU
		{5FE5C17B-8E07-4114-9957-46C51718AB9E}.Debug|ARM.Deploy.0 = Debug|Any CPU
		{5FE5C17B-8E07-4114-9957-46C51718AB9E}.Debug|iPhone.ActiveCfg = Debug|Any CPU
		{5FE5C17B-8E07-4114-9957-46C51718AB9E}.Debug|iPhone.Build.0 = Debug|Any CPU
		{5FE5C17B-8E07-4114-9957-46C51718AB9E}.Debug|iPhone.Deploy.0 = Debug|Any CPU
		{5FE5C17B-8E07-4114-9957-46C51718AB9E}.Debug|iPhoneSimulator.ActiveCfg = Debug|Any CPU
		{5FE5C17B-8E07-4114-9957-46C51718AB9E}.Debug|iPhoneSimulator.Build.0 = Debug|Any CPU
		{5FE5C17B-8E07-4114-9957-46C51718AB9E}.Debug|iPhoneSimulator.Deploy.0 = Debug|Any CPU
		{5FE5C17B-8E07-4114-9957-46C51718AB9E}.Debug|x64.ActiveCfg = Debug|Any CPU
		{5FE5C17B-8E07-4114-9957-46C51718AB9E}.Debug|x64.Build.0 = Debug|Any CPU
		{5FE5C17B-8E07-4114-9957-46C51718AB9E}.Debug|x64.Deploy.0 = Debug|Any CPU
		{5FE5C17B-8E07-4114-9957-46C51718AB9E}.Debug|x86.ActiveCfg = Debug|Any CPU
		{5FE5C17B-8E07-4114-9957-46C51718AB9E}.Debug|x86.Build.0 = Debug|Any CPU
		{5FE5C17B-8E07-4114-9957-46C51718AB9E}.Debug|x86.Deploy.0 = Debug|Any CPU
		{5FE5C17B-8E07-4114-9957-46C51718AB9E}.Release|Any CPU.ActiveCfg = Release|Any CPU
		{5FE5C17B-8E07-4114-9957-46C51718AB9E}.Release|Any CPU.Build.0 = Release|Any CPU
		{5FE5C17B-8E07-4114-9957-46C51718AB9E}.Release|Any CPU.Deploy.0 = Release|Any CPU
		{5FE5C17B-8E07-4114-9957-46C51718AB9E}.Release|ARM.ActiveCfg = Release|Any CPU
		{5FE5C17B-8E07-4114-9957-46C51718AB9E}.Release|ARM.Build.0 = Release|Any CPU
		{5FE5C17B-8E07-4114-9957-46C51718AB9E}.Release|ARM.Deploy.0 = Release|Any CPU
		{5FE5C17B-8E07-4114-9957-46C51718AB9E}.Release|iPhone.ActiveCfg = Release|Any CPU
		{5FE5C17B-8E07-4114-9957-46C51718AB9E}.Release|iPhone.Build.0 = Release|Any CPU
		{5FE5C17B-8E07-4114-9957-46C51718AB9E}.Release|iPhone.Deploy.0 = Release|Any CPU
		{5FE5C17B-8E07-4114-9957-46C51718AB9E}.Release|iPhoneSimulator.ActiveCfg = Release|Any CPU
		{5FE5C17B-8E07-4114-9957-46C51718AB9E}.Release|iPhoneSimulator.Build.0 = Release|Any CPU
		{5FE5C17B-8E07-4114-9957-46C51718AB9E}.Release|iPhoneSimulator.Deploy.0 = Release|Any CPU
		{5FE5C17B-8E07-4114-9957-46C51718AB9E}.Release|x64.ActiveCfg = Release|Any CPU
		{5FE5C17B-8E07-4114-9957-46C51718AB9E}.Release|x64.Build.0 = Release|Any CPU
		{5FE5C17B-8E07-4114-9957-46C51718AB9E}.Release|x64.Deploy.0 = Release|Any CPU
		{5FE5C17B-8E07-4114-9957-46C51718AB9E}.Release|x86.ActiveCfg = Release|Any CPU
		{5FE5C17B-8E07-4114-9957-46C51718AB9E}.Release|x86.Build.0 = Release|Any CPU
		{5FE5C17B-8E07-4114-9957-46C51718AB9E}.Release|x86.Deploy.0 = Release|Any CPU
	EndGlobalSection
	GlobalSection(SolutionProperties) = preSolution
		HideSolutionNode = FALSE
	EndGlobalSection
	GlobalSection(ExtensibilityGlobals) = postSolution
		SolutionGuid = {D28C39EC-B356-4A55-8D18-AB7F53BD8E76}
	EndGlobalSection
EndGlobal
